// !$*UTF8*$!
{
	archiveVersion = 1;
	classes = {
	};
	objectVersion = 77;
	objects = {

/* Begin PBXBuildFile section */
		0249C9D2701148DB977E04D8 /* Design.xcassets in Resources */ = {isa = PBXBuildFile; fileRef = 503C6647DA69C5970507239D /* Design.xcassets */; };
		057E4A04B1817479BFAF9C15 /* HighlightReelBuilder.swift in Sources */ = {isa = PBXBuildFile; fileRef = B0CCF4D2782B552CC5D74DBD /* HighlightReelBuilder.swift */; };
		0737AA405177117E7B1E657A /* TelemetryModels.swift in Sources */ = {isa = PBXBuildFile; fileRef = 26EA325ABBC16EAF8B5B0DB8 /* TelemetryModels.swift */; };
		074615CCB0E75A238311211E /* WalkMateTabBar.swift in Sources */ = {isa = PBXBuildFile; fileRef = 226F2B37F75FEF3DD4E034F7 /* WalkMateTabBar.swift */; };
		09E84F149D82944C496D34CE /* StoreRatingStore.swift in Sources */ = {isa = PBXBuildFile; fileRef = 62869EE44063634A1B5DEAF2 /* StoreRatingStore.swift */; };
		0B0480999D1DA2630F36FA81 /* IndoorRouteView.swift in Sources */ = {isa = PBXBuildFile; fileRef = 447DD7EA5A7EE334E01198CF /* IndoorRouteView.swift */; };
		10800832B68FBECF3D186F98 /* AppSettings.swift in Sources */ = {isa = PBXBuildFile; fileRef = D6B9A860A46380CF609A639D /* AppSettings.swift */; };
		1246EFA6046078A93D7DB6C1 /* Secrets.plist in Resources */ = {isa = PBXBuildFile; fileRef = B79A3479AFC700BF195D5D23 /* Secrets.plist */; };
		1423ABB0AFEE4E9D8864539A /* RouteDetailView.swift in Sources */ = {isa = PBXBuildFile; fileRef = C1C1150ED91E77F05ED468B7 /* RouteDetailView.swift */; };
		144553C487E76185459D0CD3 /* SpatialAudioKit.swift in Sources */ = {isa = PBXBuildFile; fileRef = 92C67811148C89BAE8DE93DB /* SpatialAudioKit.swift */; };
		16CAF0C1EC475430666C997D /* GyroDataHandler.swift in Sources */ = {isa = PBXBuildFile; fileRef = 6FD685C21B570812E385A8A3 /* GyroDataHandler.swift */; };
		18F9F34BD1306305FCA84437 /* TrainingHistoryStore.swift in Sources */ = {isa = PBXBuildFile; fileRef = D1733F19D67FCD1194FEC9D6 /* TrainingHistoryStore.swift */; };
		198FCBD3C7B0013A13C8F98B /* ProfileView.swift in Sources */ = {isa = PBXBuildFile; fileRef = 8086479D3BFE182A93FCC02E /* ProfileView.swift */; };
		222A0C7B5173CFA9E5EC5B09 /* SSZipArchive.xcframework in Frameworks */ = {isa = PBXBuildFile; fileRef = C01A9B3BC20A3AFB9A0AC96D /* SSZipArchive.xcframework */; };
		239A807E937D16F3E4C77BE7 /* INSCameraServiceSDK.xcframework in Embed Frameworks */ = {isa = PBXBuildFile; fileRef = C98319D495914B52BB8C05E9 /* INSCameraServiceSDK.xcframework */; settings = {ATTRIBUTES = (CodeSignOnCopy, RemoveHeadersOnCopy, ); }; };
		28F58B7389C106730948E8E1 /* PerceptionModels.swift in Sources */ = {isa = PBXBuildFile; fileRef = DB6B758F83F9EDC0529677EE /* PerceptionModels.swift */; };
		33A9F7596E53A48D2D8DFABC /* StandstillDetector.swift in Sources */ = {isa = PBXBuildFile; fileRef = F57AA775962CDD3FDDD2B6C6 /* StandstillDetector.swift */; };
		39770EE7FD2C82797A78A542 /* ObstacleTracker.swift in Sources */ = {isa = PBXBuildFile; fileRef = 5D0ABA74DD3E847A88B6BD9F /* ObstacleTracker.swift */; };
		3A5660846121C6DC3FC3F1E1 /* INSCameraSDK.xcframework in Embed Frameworks */ = {isa = PBXBuildFile; fileRef = DEC3FE6565929F3551BC9BA8 /* INSCameraSDK.xcframework */; settings = {ATTRIBUTES = (CodeSignOnCopy, RemoveHeadersOnCopy, ); }; };
		43A956306AE07595053BBA8B /* INSCameraSDK.xcframework in Frameworks */ = {isa = PBXBuildFile; fileRef = DEC3FE6565929F3551BC9BA8 /* INSCameraSDK.xcframework */; };
		4BF57B915EE9A1F2E8A97428 /* WalkMateApp.swift in Sources */ = {isa = PBXBuildFile; fileRef = 2AC7466B3A26C5CD34208873 /* WalkMateApp.swift */; };
		4CB7E18A7B073AD39E96366E /* SpatialAudioKitTests.swift in Sources */ = {isa = PBXBuildFile; fileRef = D39932130C8DE438BEA2F5A1 /* SpatialAudioKitTests.swift */; };
		515E43DC458A24C6BAB2D26E /* BackendClient.swift in Sources */ = {isa = PBXBuildFile; fileRef = 0481058FC670F3EFE55ACB35 /* BackendClient.swift */; };
		5210DA66CF2F4E9A9228D159 /* HomeView.swift in Sources */ = {isa = PBXBuildFile; fileRef = 32AB8B2CA6663C3AFB9E8902 /* HomeView.swift */; };
		5634C54A85D6BCB995B3E845 /* SpatialPerceptionEngine.swift in Sources */ = {isa = PBXBuildFile; fileRef = 7DA234C4A69A12BB0B7E9D8B /* SpatialPerceptionEngine.swift */; };
		57240136D2DC082CFAA54CD4 /* Secrets.example.plist in Resources */ = {isa = PBXBuildFile; fileRef = E198B93ADEB46CD442FFAE1E /* Secrets.example.plist */; };
		60C1E09DDF869D4C8BFD1E41 /* CommunityView.swift in Sources */ = {isa = PBXBuildFile; fileRef = 9D3CE22079AF7BD2C53612E5 /* CommunityView.swift */; };
		6A01649963AB2BEAAD6845EC /* Log.swift in Sources */ = {isa = PBXBuildFile; fileRef = C5498756E59D2F84A66C26DF /* Log.swift */; };
		6B9B31479560946252636A2D /* TrainingSessionView.swift in Sources */ = {isa = PBXBuildFile; fileRef = BB2271546842394562E692B9 /* TrainingSessionView.swift */; };
		6F0E4083F8E58A3740D2910F /* ConversationModels.swift in Sources */ = {isa = PBXBuildFile; fileRef = 78D063BD2D47E4B75201BDCB /* ConversationModels.swift */; };
		70740174CBC2B0B0EF351456 /* SensorTelemetryCard.swift in Sources */ = {isa = PBXBuildFile; fileRef = 9D484F7669AC3C28255DF1E2 /* SensorTelemetryCard.swift */; };
		7241CA37807202BBD12C537D /* PassageRoutePlanner.swift in Sources */ = {isa = PBXBuildFile; fileRef = 857CA2856C92E48D5D0F1F71 /* PassageRoutePlanner.swift */; };
		7425B3CC00981B3CB64103DD /* SpeechRenderer.swift in Sources */ = {isa = PBXBuildFile; fileRef = 078AD588D52A975F451A55FC /* SpeechRenderer.swift */; };
		7A190CEC82AF238930A76F1D /* TrainingSessionModel.swift in Sources */ = {isa = PBXBuildFile; fileRef = F438DFF83F548487E48E13B2 /* TrainingSessionModel.swift */; };
		7A618372D960B17E03753329 /* PerceptionEngineTests.swift in Sources */ = {isa = PBXBuildFile; fileRef = 6ADE43BB31268157A37E7E0A /* PerceptionEngineTests.swift */; };
		7D591764C7ECD0251DAF66D0 /* WalkMateRootView.swift in Sources */ = {isa = PBXBuildFile; fileRef = 163B3A52D1818515C19C0071 /* WalkMateRootView.swift */; };
		83CE728017D107EA465D00E6 /* TrainingSummaryView.swift in Sources */ = {isa = PBXBuildFile; fileRef = 345A9B31CBA25A47500E06C8 /* TrainingSummaryView.swift */; };
		8479A4E13002BC4EDFBB779E /* bgm.m4a in Resources */ = {isa = PBXBuildFile; fileRef = 776CCCD11BA3A597BFE14B78 /* bgm.m4a */; };
		849F51A91968E8AE72D519D9 /* WalkMateTheme.swift in Sources */ = {isa = PBXBuildFile; fileRef = 3A9DDE964BA9A3B3C81F9807 /* WalkMateTheme.swift */; };
		877428942CAE4A4C4175AA8C /* CompanionSession.swift in Sources */ = {isa = PBXBuildFile; fileRef = 86C416795D21FA969241CEB4 /* CompanionSession.swift */; };
		8960697F87DC6092AC3C8A3B /* StreamPlayerBridge.swift in Sources */ = {isa = PBXBuildFile; fileRef = AFC5D70F9CA90837F4EFB861 /* StreamPlayerBridge.swift */; };
		8C09D2D18A228BA300DFF66D /* SceneNarrator.swift in Sources */ = {isa = PBXBuildFile; fileRef = 49749C1338C88C68B4DA91C3 /* SceneNarrator.swift */; };
		8FC3C98E7BD53F7DA523DC97 /* SSZipArchive.xcframework in Embed Frameworks */ = {isa = PBXBuildFile; fileRef = C01A9B3BC20A3AFB9A0AC96D /* SSZipArchive.xcframework */; settings = {ATTRIBUTES = (CodeSignOnCopy, RemoveHeadersOnCopy, ); }; };
		8FEBC04F44FB98DD9F3EB09F /* SubtitleComposer.swift in Sources */ = {isa = PBXBuildFile; fileRef = 40C583E912BC4D513B945E3D /* SubtitleComposer.swift */; };
		957F8D68251E993AD82C528D /* QwenSpeechRenderer.swift in Sources */ = {isa = PBXBuildFile; fileRef = 722F41754B566CC6C88138C1 /* QwenSpeechRenderer.swift */; };
		95F85FCF5E4B2333BC9D7FC2 /* sample_erp_2.jpg in Resources */ = {isa = PBXBuildFile; fileRef = 62905020C90431BD7831516A /* sample_erp_2.jpg */; };
		967CAB27AA49FAE086A45308 /* FrameBus.swift in Sources */ = {isa = PBXBuildFile; fileRef = 6E8D205F1339ECE450BD9A03 /* FrameBus.swift */; };
		970B9AC21ECA941BD2E62AFB /* InferenceTests.swift in Sources */ = {isa = PBXBuildFile; fileRef = 9FB665524D4B1FD6014B271D /* InferenceTests.swift */; };
		987415AF699C856C078F3670 /* PageNarrator.swift in Sources */ = {isa = PBXBuildFile; fileRef = 2B04AC70610924668B73B1BC /* PageNarrator.swift */; };
		99EFA20E4A674E9BF378FCCD /* StoreRatingView.swift in Sources */ = {isa = PBXBuildFile; fileRef = 5B41C852A2403A14BC1F9823 /* StoreRatingView.swift */; };
		9B0C7E92BD343CDB16EC88B4 /* CommunityStore.swift in Sources */ = {isa = PBXBuildFile; fileRef = E04D3A2BCAF067391142B571 /* CommunityStore.swift */; };
		A5240E490DB3A3DE9EC5407C /* CameraPipelineTests.swift in Sources */ = {isa = PBXBuildFile; fileRef = E757621FCFAB319E08F29AEC /* CameraPipelineTests.swift */; };
		A540B4901BEC12A1E5D07B11 /* OnboardingView.swift in Sources */ = {isa = PBXBuildFile; fileRef = 0C9BA35958ADA9A3450BF5B5 /* OnboardingView.swift */; };
		A9A40F1452C0F2BA6B10C092 /* sample_erp_1.jpg in Resources */ = {isa = PBXBuildFile; fileRef = AD40245303E20078AC0F4304 /* sample_erp_1.jpg */; };
		AB8683CCE81AE963D9984EBE /* ObstacleDetector.swift in Sources */ = {isa = PBXBuildFile; fileRef = 6753B6BAAFA234B8CE015071 /* ObstacleDetector.swift */; };
		AC0E6EF4C11E7503117DBD84 /* TrainingGoalView.swift in Sources */ = {isa = PBXBuildFile; fileRef = 0C04EC3DC2D57E252009645F /* TrainingGoalView.swift */; };
		AE94622F7051A5C86F03DD5E /* INSCameraServiceSDK.xcframework in Frameworks */ = {isa = PBXBuildFile; fileRef = C98319D495914B52BB8C05E9 /* INSCameraServiceSDK.xcframework */; };
		B26769F0CCF21CFF7F1BAEA2 /* SphericalProjector.swift in Sources */ = {isa = PBXBuildFile; fileRef = 2219C27809A6A9A8FCF55F13 /* SphericalProjector.swift */; };
		BB0E763D5CAF2C1CD0D4B4F7 /* INSCoreMedia.xcframework in Frameworks */ = {isa = PBXBuildFile; fileRef = A69BC77335AB2F8B77CB12DC /* INSCoreMedia.xcframework */; };
		BD61377E2BCEBA351355AC6C /* PanoramicStreamView.swift in Sources */ = {isa = PBXBuildFile; fileRef = 68B83E7226307B0D42E64749 /* PanoramicStreamView.swift */; };
		BEE51A1E31B39825AC1BEFCB /* DAPEngine.swift in Sources */ = {isa = PBXBuildFile; fileRef = 8C9AD12E801E6CEEB366D80A /* DAPEngine.swift */; };
		BEE9FA0CAD59C71B7DAE3AFD /* WalkMateComponents.swift in Sources */ = {isa = PBXBuildFile; fileRef = 672394F9BFD0B19B2F96B5D7 /* WalkMateComponents.swift */; };
		BF283F2AA21B5EA4AD635855 /* CameraPipeline.swift in Sources */ = {isa = PBXBuildFile; fileRef = E93BE0730790922553537549 /* CameraPipeline.swift */; };
		C1BA1CE198A17E94F9BB25ED /* GeometryTests.swift in Sources */ = {isa = PBXBuildFile; fileRef = A7CD0A514C7E23CAF0A05F9F /* GeometryTests.swift */; };
		C34D2F4BB54BB866FC726DE5 /* INSCoreMedia.xcframework in Embed Frameworks */ = {isa = PBXBuildFile; fileRef = A69BC77335AB2F8B77CB12DC /* INSCoreMedia.xcframework */; settings = {ATTRIBUTES = (CodeSignOnCopy, RemoveHeadersOnCopy, ); }; };
		C35126847CCB71D40C740C96 /* GrowthDetailView.swift in Sources */ = {isa = PBXBuildFile; fileRef = 416790C1B2A40F17BB58AB03 /* GrowthDetailView.swift */; };
		C386741DDF61B5E77854B400 /* NarrationModels.swift in Sources */ = {isa = PBXBuildFile; fileRef = 7FE0005537D4DC4CF8AB43E1 /* NarrationModels.swift */; };
		C49203B4150592346FCACC93 /* GravityAligner.swift in Sources */ = {isa = PBXBuildFile; fileRef = BAAAE4606E429E914DCB254E /* GravityAligner.swift */; };
		C76A0A4FF52BEA2664A880BB /* ObstacleTrackingTests.swift in Sources */ = {isa = PBXBuildFile; fileRef = 3A2293A6E6BC69AE8DCD6AD4 /* ObstacleTrackingTests.swift */; };
		D09F633698C3014E462A6541 /* PassableRouteTests.swift in Sources */ = {isa = PBXBuildFile; fileRef = 717717B98D6D98ABBC3DAB49 /* PassableRouteTests.swift */; };
		D29483E2C3A526662360F9DD /* CompanionConversation.swift in Sources */ = {isa = PBXBuildFile; fileRef = 0DBCCD19FD2BEB99355CDC7E /* CompanionConversation.swift */; };
		D7A0EA1DC8E35738E0382C86 /* AcceleratePreprocessor.swift in Sources */ = {isa = PBXBuildFile; fileRef = 456937C6404D70179041CDEA /* AcceleratePreprocessor.swift */; };
		DC25F8B871C0BDE0C2C72189 /* sample_erp_3.jpg in Resources */ = {isa = PBXBuildFile; fileRef = 87DCFB588E58E69AF7874CDC /* sample_erp_3.jpg */; };
		DD3B106550B53C36CABAD84A /* TrainingClipComposer.swift in Sources */ = {isa = PBXBuildFile; fileRef = DDFB537C9139E5FDBEF33BC9 /* TrainingClipComposer.swift */; };
		E72DF7C9E931F54755180137 /* ToolModels.swift in Sources */ = {isa = PBXBuildFile; fileRef = B839DCF58737B54707405439 /* ToolModels.swift */; };
		E745A5121F65791F744BAD13 /* GroundPlaneEstimator.swift in Sources */ = {isa = PBXBuildFile; fileRef = 9C5B47ECC4AC3CB3C1E84A5A /* GroundPlaneEstimator.swift */; };
		EA861847E607B54465C201DB /* ContentView.swift in Sources */ = {isa = PBXBuildFile; fileRef = C044702FEF2781A714A52AF5 /* ContentView.swift */; };
		EF66D8B621602D0ABF6CB379 /* ResilientSceneNarrator.swift in Sources */ = {isa = PBXBuildFile; fileRef = 8E9DC37EDA69B0CA5B3ED2A9 /* ResilientSceneNarrator.swift */; };
		F00FD760EF7D51263E7BD83C /* QwenSceneNarrator.swift in Sources */ = {isa = PBXBuildFile; fileRef = 19EF26DDF8C021273A82D2A1 /* QwenSceneNarrator.swift */; };
		F02FE56141BC29786E7D3F65 /* FrameModels.swift in Sources */ = {isa = PBXBuildFile; fileRef = 64F024C8A3562A552B6792C3 /* FrameModels.swift */; };
		F6B68397D9A5250E4D0387DE /* TrainingFlowView.swift in Sources */ = {isa = PBXBuildFile; fileRef = 1F5BBE716BF5361AD6E2BD39 /* TrainingFlowView.swift */; };
/* End PBXBuildFile section */

/* Begin PBXContainerItemProxy section */
		A086075E7EE3E4CB1CA462E2 /* PBXContainerItemProxy */ = {
			isa = PBXContainerItemProxy;
			containerPortal = 43A9DE64FF371701BF1D23DD /* Project object */;
			proxyType = 1;
			remoteGlobalIDString = D0C10D6348A3309AC5F5EA63;
			remoteInfo = WalkMate;
		};
		A4A7647355CB35E31884D378 /* PBXContainerItemProxy */ = {
			isa = PBXContainerItemProxy;
			containerPortal = 43A9DE64FF371701BF1D23DD /* Project object */;
			proxyType = 1;
			remoteGlobalIDString = D0C10D6348A3309AC5F5EA63;
			remoteInfo = WalkMate;
		};
		B4D5EC36338B94A819E897E1 /* PBXContainerItemProxy */ = {
			isa = PBXContainerItemProxy;
			containerPortal = 43A9DE64FF371701BF1D23DD /* Project object */;
			proxyType = 1;
			remoteGlobalIDString = D0C10D6348A3309AC5F5EA63;
			remoteInfo = WalkMate;
		};
		DF0A5E68CBF85DAC11A6E27D /* PBXContainerItemProxy */ = {
			isa = PBXContainerItemProxy;
			containerPortal = 43A9DE64FF371701BF1D23DD /* Project object */;
			proxyType = 1;
			remoteGlobalIDString = D0C10D6348A3309AC5F5EA63;
			remoteInfo = WalkMate;
		};
		F1F70F10675D652F63890C59 /* PBXContainerItemProxy */ = {
			isa = PBXContainerItemProxy;
			containerPortal = 43A9DE64FF371701BF1D23DD /* Project object */;
			proxyType = 1;
			remoteGlobalIDString = D0C10D6348A3309AC5F5EA63;
			remoteInfo = WalkMate;
		};
/* End PBXContainerItemProxy section */

/* Begin PBXCopyFilesBuildPhase section */
		F41A89E7295550BF433AAB7B /* Embed Frameworks */ = {
			isa = PBXCopyFilesBuildPhase;
			buildActionMask = 2147483647;
			dstPath = "";
			dstSubfolderSpec = 10;
			files = (
				3A5660846121C6DC3FC3F1E1 /* INSCameraSDK.xcframework in Embed Frameworks */,
				239A807E937D16F3E4C77BE7 /* INSCameraServiceSDK.xcframework in Embed Frameworks */,
				C34D2F4BB54BB866FC726DE5 /* INSCoreMedia.xcframework in Embed Frameworks */,
				8FC3C98E7BD53F7DA523DC97 /* SSZipArchive.xcframework in Embed Frameworks */,
			);
			name = "Embed Frameworks";
			runOnlyForDeploymentPostprocessing = 0;
		};
/* End PBXCopyFilesBuildPhase section */

/* Begin PBXFileReference section */
		0481058FC670F3EFE55ACB35 /* BackendClient.swift */ = {isa = PBXFileReference; lastKnownFileType = sourcecode.swift; path = BackendClient.swift; sourceTree = "<group>"; };
		078AD588D52A975F451A55FC /* SpeechRenderer.swift */ = {isa = PBXFileReference; lastKnownFileType = sourcecode.swift; path = SpeechRenderer.swift; sourceTree = "<group>"; };
		0C04EC3DC2D57E252009645F /* TrainingGoalView.swift */ = {isa = PBXFileReference; lastKnownFileType = sourcecode.swift; path = TrainingGoalView.swift; sourceTree = "<group>"; };
		0C9BA35958ADA9A3450BF5B5 /* OnboardingView.swift */ = {isa = PBXFileReference; lastKnownFileType = sourcecode.swift; path = OnboardingView.swift; sourceTree = "<group>"; };
		0DBCCD19FD2BEB99355CDC7E /* CompanionConversation.swift */ = {isa = PBXFileReference; lastKnownFileType = sourcecode.swift; path = CompanionConversation.swift; sourceTree = "<group>"; };
		163B3A52D1818515C19C0071 /* WalkMateRootView.swift */ = {isa = PBXFileReference; lastKnownFileType = sourcecode.swift; path = WalkMateRootView.swift; sourceTree = "<group>"; };
		19EF26DDF8C021273A82D2A1 /* QwenSceneNarrator.swift */ = {isa = PBXFileReference; lastKnownFileType = sourcecode.swift; path = QwenSceneNarrator.swift; sourceTree = "<group>"; };
		1F5BBE716BF5361AD6E2BD39 /* TrainingFlowView.swift */ = {isa = PBXFileReference; lastKnownFileType = sourcecode.swift; path = TrainingFlowView.swift; sourceTree = "<group>"; };
		2219C27809A6A9A8FCF55F13 /* SphericalProjector.swift */ = {isa = PBXFileReference; lastKnownFileType = sourcecode.swift; path = SphericalProjector.swift; sourceTree = "<group>"; };
		226F2B37F75FEF3DD4E034F7 /* WalkMateTabBar.swift */ = {isa = PBXFileReference; lastKnownFileType = sourcecode.swift; path = WalkMateTabBar.swift; sourceTree = "<group>"; };
		26EA325ABBC16EAF8B5B0DB8 /* TelemetryModels.swift */ = {isa = PBXFileReference; lastKnownFileType = sourcecode.swift; path = TelemetryModels.swift; sourceTree = "<group>"; };
		2AC7466B3A26C5CD34208873 /* WalkMateApp.swift */ = {isa = PBXFileReference; lastKnownFileType = sourcecode.swift; path = WalkMateApp.swift; sourceTree = "<group>"; };
		2B04AC70610924668B73B1BC /* PageNarrator.swift */ = {isa = PBXFileReference; lastKnownFileType = sourcecode.swift; path = PageNarrator.swift; sourceTree = "<group>"; };
		32AB8B2CA6663C3AFB9E8902 /* HomeView.swift */ = {isa = PBXFileReference; lastKnownFileType = sourcecode.swift; path = HomeView.swift; sourceTree = "<group>"; };
		345A9B31CBA25A47500E06C8 /* TrainingSummaryView.swift */ = {isa = PBXFileReference; lastKnownFileType = sourcecode.swift; path = TrainingSummaryView.swift; sourceTree = "<group>"; };
		3534C926737FFE25F9FB5992 /* CameraTests.xctest */ = {isa = PBXFileReference; includeInIndex = 0; lastKnownFileType = wrapper.cfbundle; path = CameraTests.xctest; sourceTree = BUILT_PRODUCTS_DIR; };
		3A2293A6E6BC69AE8DCD6AD4 /* ObstacleTrackingTests.swift */ = {isa = PBXFileReference; lastKnownFileType = sourcecode.swift; path = ObstacleTrackingTests.swift; sourceTree = "<group>"; };
		3A9DDE964BA9A3B3C81F9807 /* WalkMateTheme.swift */ = {isa = PBXFileReference; lastKnownFileType = sourcecode.swift; path = WalkMateTheme.swift; sourceTree = "<group>"; };
		40C583E912BC4D513B945E3D /* SubtitleComposer.swift */ = {isa = PBXFileReference; lastKnownFileType = sourcecode.swift; path = SubtitleComposer.swift; sourceTree = "<group>"; };
		416790C1B2A40F17BB58AB03 /* GrowthDetailView.swift */ = {isa = PBXFileReference; lastKnownFileType = sourcecode.swift; path = GrowthDetailView.swift; sourceTree = "<group>"; };
		447DD7EA5A7EE334E01198CF /* IndoorRouteView.swift */ = {isa = PBXFileReference; lastKnownFileType = sourcecode.swift; path = IndoorRouteView.swift; sourceTree = "<group>"; };
		456937C6404D70179041CDEA /* AcceleratePreprocessor.swift */ = {isa = PBXFileReference; lastKnownFileType = sourcecode.swift; path = AcceleratePreprocessor.swift; sourceTree = "<group>"; };
		49749C1338C88C68B4DA91C3 /* SceneNarrator.swift */ = {isa = PBXFileReference; lastKnownFileType = sourcecode.swift; path = SceneNarrator.swift; sourceTree = "<group>"; };
		503C6647DA69C5970507239D /* Design.xcassets */ = {isa = PBXFileReference; lastKnownFileType = folder.assetcatalog; path = Design.xcassets; sourceTree = "<group>"; };
		5B41C852A2403A14BC1F9823 /* StoreRatingView.swift */ = {isa = PBXFileReference; lastKnownFileType = sourcecode.swift; path = StoreRatingView.swift; sourceTree = "<group>"; };
		5D0ABA74DD3E847A88B6BD9F /* ObstacleTracker.swift */ = {isa = PBXFileReference; lastKnownFileType = sourcecode.swift; path = ObstacleTracker.swift; sourceTree = "<group>"; };
		62869EE44063634A1B5DEAF2 /* StoreRatingStore.swift */ = {isa = PBXFileReference; lastKnownFileType = sourcecode.swift; path = StoreRatingStore.swift; sourceTree = "<group>"; };
		62905020C90431BD7831516A /* sample_erp_2.jpg */ = {isa = PBXFileReference; lastKnownFileType = image.jpeg; path = sample_erp_2.jpg; sourceTree = "<group>"; };
		64F024C8A3562A552B6792C3 /* FrameModels.swift */ = {isa = PBXFileReference; lastKnownFileType = sourcecode.swift; path = FrameModels.swift; sourceTree = "<group>"; };
		672394F9BFD0B19B2F96B5D7 /* WalkMateComponents.swift */ = {isa = PBXFileReference; lastKnownFileType = sourcecode.swift; path = WalkMateComponents.swift; sourceTree = "<group>"; };
		6753B6BAAFA234B8CE015071 /* ObstacleDetector.swift */ = {isa = PBXFileReference; lastKnownFileType = sourcecode.swift; path = ObstacleDetector.swift; sourceTree = "<group>"; };
		68B83E7226307B0D42E64749 /* PanoramicStreamView.swift */ = {isa = PBXFileReference; lastKnownFileType = sourcecode.swift; path = PanoramicStreamView.swift; sourceTree = "<group>"; };
		6ADE43BB31268157A37E7E0A /* PerceptionEngineTests.swift */ = {isa = PBXFileReference; lastKnownFileType = sourcecode.swift; path = PerceptionEngineTests.swift; sourceTree = "<group>"; };
		6E8D205F1339ECE450BD9A03 /* FrameBus.swift */ = {isa = PBXFileReference; lastKnownFileType = sourcecode.swift; path = FrameBus.swift; sourceTree = "<group>"; };
		6FD685C21B570812E385A8A3 /* GyroDataHandler.swift */ = {isa = PBXFileReference; lastKnownFileType = sourcecode.swift; path = GyroDataHandler.swift; sourceTree = "<group>"; };
		717717B98D6D98ABBC3DAB49 /* PassableRouteTests.swift */ = {isa = PBXFileReference; lastKnownFileType = sourcecode.swift; path = PassableRouteTests.swift; sourceTree = "<group>"; };
		722F41754B566CC6C88138C1 /* QwenSpeechRenderer.swift */ = {isa = PBXFileReference; lastKnownFileType = sourcecode.swift; path = QwenSpeechRenderer.swift; sourceTree = "<group>"; };
		72EA97BFC4E6CD5EE52C1D00 /* WalkMate.app */ = {isa = PBXFileReference; includeInIndex = 0; lastKnownFileType = wrapper.application; path = WalkMate.app; sourceTree = BUILT_PRODUCTS_DIR; };
		776CCCD11BA3A597BFE14B78 /* bgm.m4a */ = {isa = PBXFileReference; path = bgm.m4a; sourceTree = "<group>"; };
		78D063BD2D47E4B75201BDCB /* ConversationModels.swift */ = {isa = PBXFileReference; lastKnownFileType = sourcecode.swift; path = ConversationModels.swift; sourceTree = "<group>"; };
		7DA234C4A69A12BB0B7E9D8B /* SpatialPerceptionEngine.swift */ = {isa = PBXFileReference; lastKnownFileType = sourcecode.swift; path = SpatialPerceptionEngine.swift; sourceTree = "<group>"; };
		7FE0005537D4DC4CF8AB43E1 /* NarrationModels.swift */ = {isa = PBXFileReference; lastKnownFileType = sourcecode.swift; path = NarrationModels.swift; sourceTree = "<group>"; };
		8086479D3BFE182A93FCC02E /* ProfileView.swift */ = {isa = PBXFileReference; lastKnownFileType = sourcecode.swift; path = ProfileView.swift; sourceTree = "<group>"; };
		857CA2856C92E48D5D0F1F71 /* PassageRoutePlanner.swift */ = {isa = PBXFileReference; lastKnownFileType = sourcecode.swift; path = PassageRoutePlanner.swift; sourceTree = "<group>"; };
		86C416795D21FA969241CEB4 /* CompanionSession.swift */ = {isa = PBXFileReference; lastKnownFileType = sourcecode.swift; path = CompanionSession.swift; sourceTree = "<group>"; };
		87DCFB588E58E69AF7874CDC /* sample_erp_3.jpg */ = {isa = PBXFileReference; lastKnownFileType = image.jpeg; path = sample_erp_3.jpg; sourceTree = "<group>"; };
		8C5BC5CDB67927B567D6D560 /* PerceptionTests.xctest */ = {isa = PBXFileReference; includeInIndex = 0; lastKnownFileType = wrapper.cfbundle; path = PerceptionTests.xctest; sourceTree = BUILT_PRODUCTS_DIR; };
		8C9AD12E801E6CEEB366D80A /* DAPEngine.swift */ = {isa = PBXFileReference; lastKnownFileType = sourcecode.swift; path = DAPEngine.swift; sourceTree = "<group>"; };
		8E9DC37EDA69B0CA5B3ED2A9 /* ResilientSceneNarrator.swift */ = {isa = PBXFileReference; lastKnownFileType = sourcecode.swift; path = ResilientSceneNarrator.swift; sourceTree = "<group>"; };
		91C48A7A7AD9F323269DC44A /* GeometryTests.xctest */ = {isa = PBXFileReference; includeInIndex = 0; lastKnownFileType = wrapper.cfbundle; path = GeometryTests.xctest; sourceTree = BUILT_PRODUCTS_DIR; };
		92C67811148C89BAE8DE93DB /* SpatialAudioKit.swift */ = {isa = PBXFileReference; lastKnownFileType = sourcecode.swift; path = SpatialAudioKit.swift; sourceTree = "<group>"; };
		9C5B47ECC4AC3CB3C1E84A5A /* GroundPlaneEstimator.swift */ = {isa = PBXFileReference; lastKnownFileType = sourcecode.swift; path = GroundPlaneEstimator.swift; sourceTree = "<group>"; };
		9D3CE22079AF7BD2C53612E5 /* CommunityView.swift */ = {isa = PBXFileReference; lastKnownFileType = sourcecode.swift; path = CommunityView.swift; sourceTree = "<group>"; };
		9D484F7669AC3C28255DF1E2 /* SensorTelemetryCard.swift */ = {isa = PBXFileReference; lastKnownFileType = sourcecode.swift; path = SensorTelemetryCard.swift; sourceTree = "<group>"; };
		9FB665524D4B1FD6014B271D /* InferenceTests.swift */ = {isa = PBXFileReference; lastKnownFileType = sourcecode.swift; path = InferenceTests.swift; sourceTree = "<group>"; };
		A69BC77335AB2F8B77CB12DC /* INSCoreMedia.xcframework */ = {isa = PBXFileReference; lastKnownFileType = wrapper.xcframework; name = INSCoreMedia.xcframework; path = Frameworks/INSCoreMedia.xcframework; sourceTree = "<group>"; };
		A7CD0A514C7E23CAF0A05F9F /* GeometryTests.swift */ = {isa = PBXFileReference; lastKnownFileType = sourcecode.swift; path = GeometryTests.swift; sourceTree = "<group>"; };
		AD40245303E20078AC0F4304 /* sample_erp_1.jpg */ = {isa = PBXFileReference; lastKnownFileType = image.jpeg; path = sample_erp_1.jpg; sourceTree = "<group>"; };
		AFC5D70F9CA90837F4EFB861 /* StreamPlayerBridge.swift */ = {isa = PBXFileReference; lastKnownFileType = sourcecode.swift; path = StreamPlayerBridge.swift; sourceTree = "<group>"; };
		B0CCF4D2782B552CC5D74DBD /* HighlightReelBuilder.swift */ = {isa = PBXFileReference; lastKnownFileType = sourcecode.swift; path = HighlightReelBuilder.swift; sourceTree = "<group>"; };
		B79A3479AFC700BF195D5D23 /* Secrets.plist */ = {isa = PBXFileReference; lastKnownFileType = text.plist; path = Secrets.plist; sourceTree = "<group>"; };
		B839DCF58737B54707405439 /* ToolModels.swift */ = {isa = PBXFileReference; lastKnownFileType = sourcecode.swift; path = ToolModels.swift; sourceTree = "<group>"; };
		BAAAE4606E429E914DCB254E /* GravityAligner.swift */ = {isa = PBXFileReference; lastKnownFileType = sourcecode.swift; path = GravityAligner.swift; sourceTree = "<group>"; };
		BAC2D91134D586A3654B27A0 /* InferenceTests.xctest */ = {isa = PBXFileReference; includeInIndex = 0; lastKnownFileType = wrapper.cfbundle; path = InferenceTests.xctest; sourceTree = BUILT_PRODUCTS_DIR; };
		BB2271546842394562E692B9 /* TrainingSessionView.swift */ = {isa = PBXFileReference; lastKnownFileType = sourcecode.swift; path = TrainingSessionView.swift; sourceTree = "<group>"; };
		C01A9B3BC20A3AFB9A0AC96D /* SSZipArchive.xcframework */ = {isa = PBXFileReference; lastKnownFileType = wrapper.xcframework; name = SSZipArchive.xcframework; path = Frameworks/SSZipArchive.xcframework; sourceTree = "<group>"; };
		C044702FEF2781A714A52AF5 /* ContentView.swift */ = {isa = PBXFileReference; lastKnownFileType = sourcecode.swift; path = ContentView.swift; sourceTree = "<group>"; };
		C1C1150ED91E77F05ED468B7 /* RouteDetailView.swift */ = {isa = PBXFileReference; lastKnownFileType = sourcecode.swift; path = RouteDetailView.swift; sourceTree = "<group>"; };
		C5498756E59D2F84A66C26DF /* Log.swift */ = {isa = PBXFileReference; lastKnownFileType = sourcecode.swift; path = Log.swift; sourceTree = "<group>"; };
		C98319D495914B52BB8C05E9 /* INSCameraServiceSDK.xcframework */ = {isa = PBXFileReference; lastKnownFileType = wrapper.xcframework; name = INSCameraServiceSDK.xcframework; path = Frameworks/INSCameraServiceSDK.xcframework; sourceTree = "<group>"; };
		D1733F19D67FCD1194FEC9D6 /* TrainingHistoryStore.swift */ = {isa = PBXFileReference; lastKnownFileType = sourcecode.swift; path = TrainingHistoryStore.swift; sourceTree = "<group>"; };
		D39932130C8DE438BEA2F5A1 /* SpatialAudioKitTests.swift */ = {isa = PBXFileReference; lastKnownFileType = sourcecode.swift; path = SpatialAudioKitTests.swift; sourceTree = "<group>"; };
		D6B9A860A46380CF609A639D /* AppSettings.swift */ = {isa = PBXFileReference; lastKnownFileType = sourcecode.swift; path = AppSettings.swift; sourceTree = "<group>"; };
		DB6B758F83F9EDC0529677EE /* PerceptionModels.swift */ = {isa = PBXFileReference; lastKnownFileType = sourcecode.swift; path = PerceptionModels.swift; sourceTree = "<group>"; };
		DDFB537C9139E5FDBEF33BC9 /* TrainingClipComposer.swift */ = {isa = PBXFileReference; lastKnownFileType = sourcecode.swift; path = TrainingClipComposer.swift; sourceTree = "<group>"; };
		DEC3FE6565929F3551BC9BA8 /* INSCameraSDK.xcframework */ = {isa = PBXFileReference; lastKnownFileType = wrapper.xcframework; name = INSCameraSDK.xcframework; path = Frameworks/INSCameraSDK.xcframework; sourceTree = "<group>"; };
		E04D3A2BCAF067391142B571 /* CommunityStore.swift */ = {isa = PBXFileReference; lastKnownFileType = sourcecode.swift; path = CommunityStore.swift; sourceTree = "<group>"; };
		E198B93ADEB46CD442FFAE1E /* Secrets.example.plist */ = {isa = PBXFileReference; lastKnownFileType = text.plist; path = Secrets.example.plist; sourceTree = "<group>"; };
		E757621FCFAB319E08F29AEC /* CameraPipelineTests.swift */ = {isa = PBXFileReference; lastKnownFileType = sourcecode.swift; path = CameraPipelineTests.swift; sourceTree = "<group>"; };
		E93BE0730790922553537549 /* CameraPipeline.swift */ = {isa = PBXFileReference; lastKnownFileType = sourcecode.swift; path = CameraPipeline.swift; sourceTree = "<group>"; };
		EAAC8BC22264AF15F9D1CC05 /* ToolkitTests.xctest */ = {isa = PBXFileReference; includeInIndex = 0; lastKnownFileType = wrapper.cfbundle; path = ToolkitTests.xctest; sourceTree = BUILT_PRODUCTS_DIR; };
		F438DFF83F548487E48E13B2 /* TrainingSessionModel.swift */ = {isa = PBXFileReference; lastKnownFileType = sourcecode.swift; path = TrainingSessionModel.swift; sourceTree = "<group>"; };
		F57AA775962CDD3FDDD2B6C6 /* StandstillDetector.swift */ = {isa = PBXFileReference; lastKnownFileType = sourcecode.swift; path = StandstillDetector.swift; sourceTree = "<group>"; };
/* End PBXFileReference section */

/* Begin PBXFrameworksBuildPhase section */
		3F805AF8623FBC4D80E25ACC /* Frameworks */ = {
			isa = PBXFrameworksBuildPhase;
			buildActionMask = 2147483647;
			files = (
				43A956306AE07595053BBA8B /* INSCameraSDK.xcframework in Frameworks */,
				AE94622F7051A5C86F03DD5E /* INSCameraServiceSDK.xcframework in Frameworks */,
				BB0E763D5CAF2C1CD0D4B4F7 /* INSCoreMedia.xcframework in Frameworks */,
				222A0C7B5173CFA9E5EC5B09 /* SSZipArchive.xcframework in Frameworks */,
			);
			runOnlyForDeploymentPostprocessing = 0;
		};
/* End PBXFrameworksBuildPhase section */

/* Begin PBXGroup section */
		00227ACEB3AF1A3A6B6E77A4 /* Frameworks */ = {
			isa = PBXGroup;
			children = (
				DEC3FE6565929F3551BC9BA8 /* INSCameraSDK.xcframework */,
				C98319D495914B52BB8C05E9 /* INSCameraServiceSDK.xcframework */,
				A69BC77335AB2F8B77CB12DC /* INSCoreMedia.xcframework */,
				C01A9B3BC20A3AFB9A0AC96D /* SSZipArchive.xcframework */,
			);
			name = Frameworks;
			sourceTree = "<group>";
		};
		0368BB97272973AA44449652 /* Narration */ = {
			isa = PBXGroup;
			children = (
				19EF26DDF8C021273A82D2A1 /* QwenSceneNarrator.swift */,
				722F41754B566CC6C88138C1 /* QwenSpeechRenderer.swift */,
				8E9DC37EDA69B0CA5B3ED2A9 /* ResilientSceneNarrator.swift */,
				49749C1338C88C68B4DA91C3 /* SceneNarrator.swift */,
				078AD588D52A975F451A55FC /* SpeechRenderer.swift */,
				40C583E912BC4D513B945E3D /* SubtitleComposer.swift */,
			);
			path = Narration;
			sourceTree = "<group>";
		};
		0BB71713613AB35E434FA834 /* Geometry */ = {
			isa = PBXGroup;
			children = (
				BAAAE4606E429E914DCB254E /* GravityAligner.swift */,
				9C5B47ECC4AC3CB3C1E84A5A /* GroundPlaneEstimator.swift */,
				2219C27809A6A9A8FCF55F13 /* SphericalProjector.swift */,
			);
			path = Geometry;
			sourceTree = "<group>";
		};
		0FECC21DCFD9E4A5F0C28FD2 /* CameraTests */ = {
			isa = PBXGroup;
			children = (
				E757621FCFAB319E08F29AEC /* CameraPipelineTests.swift */,
			);
			name = CameraTests;
			path = ../Tests/CameraTests;
			sourceTree = "<group>";
		};
		1C515E871D527533E2088E72 = {
			isa = PBXGroup;
			children = (
				61A2FE2B02E2517228A5EA90 /* App */,
				0FECC21DCFD9E4A5F0C28FD2 /* CameraTests */,
				67A8893A47EE14F9AD376867 /* Core */,
				6896A5FC230D966CB0AE0D80 /* Features */,
				DD8B47801B1216A13BF4A80E /* GeometryTests */,
				E3E68F02D83D0B632D54A80B /* InferenceTests */,
				AC713B0EB62E8D8D8F024473 /* Models */,
				E830EFB4F2958558F6183AE1 /* PerceptionTests */,
				5B14F6567AE8293A18AA14F6 /* Resources */,
				4669D27B66744D7C46EBB731 /* ToolkitTests */,
				00227ACEB3AF1A3A6B6E77A4 /* Frameworks */,
				C227948D0FFA03756AB7F7D0 /* Products */,
			);
			sourceTree = "<group>";
		};
		1D917A105E0B658D6A88AE55 /* Training */ = {
			isa = PBXGroup;
			children = (
				1F5BBE716BF5361AD6E2BD39 /* TrainingFlowView.swift */,
				F438DFF83F548487E48E13B2 /* TrainingSessionModel.swift */,
				BB2271546842394562E692B9 /* TrainingSessionView.swift */,
				345A9B31CBA25A47500E06C8 /* TrainingSummaryView.swift */,
			);
			path = Training;
			sourceTree = "<group>";
		};
		207725D1A7E0E96C778215A8 /* Design */ = {
			isa = PBXGroup;
			children = (
				0C9BA35958ADA9A3450BF5B5 /* OnboardingView.swift */,
				672394F9BFD0B19B2F96B5D7 /* WalkMateComponents.swift */,
				163B3A52D1818515C19C0071 /* WalkMateRootView.swift */,
				226F2B37F75FEF3DD4E034F7 /* WalkMateTabBar.swift */,
				3A9DDE964BA9A3B3C81F9807 /* WalkMateTheme.swift */,
			);
			path = Design;
			sourceTree = "<group>";
		};
		33999797768AF687EE0FA48B /* Toolkits */ = {
			isa = PBXGroup;
			children = (
				92C67811148C89BAE8DE93DB /* SpatialAudioKit.swift */,
			);
			path = Toolkits;
			sourceTree = "<group>";
		};
		3698E1223EB8BBD1AF727260 /* Community */ = {
			isa = PBXGroup;
			children = (
				E04D3A2BCAF067391142B571 /* CommunityStore.swift */,
				62869EE44063634A1B5DEAF2 /* StoreRatingStore.swift */,
			);
			path = Community;
			sourceTree = "<group>";
		};
		4432DAE926F37FC743F74DF7 /* Settings */ = {
			isa = PBXGroup;
			children = (
				D6B9A860A46380CF609A639D /* AppSettings.swift */,
				2B04AC70610924668B73B1BC /* PageNarrator.swift */,
			);
			path = Settings;
			sourceTree = "<group>";
		};
		4669D27B66744D7C46EBB731 /* ToolkitTests */ = {
			isa = PBXGroup;
			children = (
				D39932130C8DE438BEA2F5A1 /* SpatialAudioKitTests.swift */,
			);
			name = ToolkitTests;
			path = ../Tests/ToolkitTests;
			sourceTree = "<group>";
		};
		4D35D66323BFEE76D76511FA /* Backend */ = {
			isa = PBXGroup;
			children = (
				0481058FC670F3EFE55ACB35 /* BackendClient.swift */,
			);
			path = Backend;
			sourceTree = "<group>";
		};
		5B14F6567AE8293A18AA14F6 /* Resources */ = {
			isa = PBXGroup;
			children = (
				776CCCD11BA3A597BFE14B78 /* bgm.m4a */,
				503C6647DA69C5970507239D /* Design.xcassets */,
				AD40245303E20078AC0F4304 /* sample_erp_1.jpg */,
				62905020C90431BD7831516A /* sample_erp_2.jpg */,
				87DCFB588E58E69AF7874CDC /* sample_erp_3.jpg */,
				E198B93ADEB46CD442FFAE1E /* Secrets.example.plist */,
				B79A3479AFC700BF195D5D23 /* Secrets.plist */,
			);
			path = Resources;
			sourceTree = "<group>";
		};
		5C9B6722D221D5316DABEB6E /* Conversation */ = {
			isa = PBXGroup;
			children = (
				0DBCCD19FD2BEB99355CDC7E /* CompanionConversation.swift */,
				86C416795D21FA969241CEB4 /* CompanionSession.swift */,
				F57AA775962CDD3FDDD2B6C6 /* StandstillDetector.swift */,
			);
			path = Conversation;
			sourceTree = "<group>";
		};
		61A2FE2B02E2517228A5EA90 /* App */ = {
			isa = PBXGroup;
			children = (
				C044702FEF2781A714A52AF5 /* ContentView.swift */,
				2AC7466B3A26C5CD34208873 /* WalkMateApp.swift */,
				8D93F230C575814EA9D06F11 /* Views */,
			);
			path = App;
			sourceTree = "<group>";
		};
		6764D7282FA491C1EDB1EE12 /* Utils */ = {
			isa = PBXGroup;
			children = (
				C5498756E59D2F84A66C26DF /* Log.swift */,
			);
			path = Utils;
			sourceTree = "<group>";
		};
		67A8893A47EE14F9AD376867 /* Core */ = {
			isa = PBXGroup;
			children = (
				4D35D66323BFEE76D76511FA /* Backend */,
				69A8918F85B5A915D5308FCE /* Camera */,
				3698E1223EB8BBD1AF727260 /* Community */,
				5C9B6722D221D5316DABEB6E /* Conversation */,
				EAFCF0864CB0AF2D46D01EDC /* Engine */,
				0BB71713613AB35E434FA834 /* Geometry */,
				FFCD70091BCC481B3A24592A /* Inference */,
				0368BB97272973AA44449652 /* Narration */,
				E742D9264920FA2B79AC9039 /* Perception */,
				A8E567C04E2BB87009B4C71C /* Recording */,
				4432DAE926F37FC743F74DF7 /* Settings */,
				33999797768AF687EE0FA48B /* Toolkits */,
				74FE3F3D2117A6799A6B964B /* Training */,
				6764D7282FA491C1EDB1EE12 /* Utils */,
			);
			path = Core;
			sourceTree = "<group>";
		};
		6896A5FC230D966CB0AE0D80 /* Features */ = {
			isa = PBXGroup;
			children = (
				821CBAA66744D2B1B503D4A1 /* Community */,
				207725D1A7E0E96C778215A8 /* Design */,
				E742946D6323A57653AF4CA6 /* Growth */,
				8818118738EE0199F16FF11A /* Home */,
				9072250E60315B83060402BA /* Profile */,
				F67A1F9086CDAEE4E869C2AA /* Routes */,
				1D917A105E0B658D6A88AE55 /* Training */,
			);
			path = Features;
			sourceTree = "<group>";
		};
		69A8918F85B5A915D5308FCE /* Camera */ = {
			isa = PBXGroup;
			children = (
				E93BE0730790922553537549 /* CameraPipeline.swift */,
				6E8D205F1339ECE450BD9A03 /* FrameBus.swift */,
				6FD685C21B570812E385A8A3 /* GyroDataHandler.swift */,
				AFC5D70F9CA90837F4EFB861 /* StreamPlayerBridge.swift */,
			);
			path = Camera;
			sourceTree = "<group>";
		};
		74FE3F3D2117A6799A6B964B /* Training */ = {
			isa = PBXGroup;
			children = (
				D1733F19D67FCD1194FEC9D6 /* TrainingHistoryStore.swift */,
			);
			path = Training;
			sourceTree = "<group>";
		};
		821CBAA66744D2B1B503D4A1 /* Community */ = {
			isa = PBXGroup;
			children = (
				9D3CE22079AF7BD2C53612E5 /* CommunityView.swift */,
				5B41C852A2403A14BC1F9823 /* StoreRatingView.swift */,
			);
			path = Community;
			sourceTree = "<group>";
		};
		8818118738EE0199F16FF11A /* Home */ = {
			isa = PBXGroup;
			children = (
				32AB8B2CA6663C3AFB9E8902 /* HomeView.swift */,
			);
			path = Home;
			sourceTree = "<group>";
		};
		8D93F230C575814EA9D06F11 /* Views */ = {
			isa = PBXGroup;
			children = (
				68B83E7226307B0D42E64749 /* PanoramicStreamView.swift */,
				9D484F7669AC3C28255DF1E2 /* SensorTelemetryCard.swift */,
			);
			path = Views;
			sourceTree = "<group>";
		};
		9072250E60315B83060402BA /* Profile */ = {
			isa = PBXGroup;
			children = (
				8086479D3BFE182A93FCC02E /* ProfileView.swift */,
			);
			path = Profile;
			sourceTree = "<group>";
		};
		A8E567C04E2BB87009B4C71C /* Recording */ = {
			isa = PBXGroup;
			children = (
				B0CCF4D2782B552CC5D74DBD /* HighlightReelBuilder.swift */,
				DDFB537C9139E5FDBEF33BC9 /* TrainingClipComposer.swift */,
			);
			path = Recording;
			sourceTree = "<group>";
		};
		AC713B0EB62E8D8D8F024473 /* Models */ = {
			isa = PBXGroup;
			children = (
				78D063BD2D47E4B75201BDCB /* ConversationModels.swift */,
				64F024C8A3562A552B6792C3 /* FrameModels.swift */,
				7FE0005537D4DC4CF8AB43E1 /* NarrationModels.swift */,
				DB6B758F83F9EDC0529677EE /* PerceptionModels.swift */,
				26EA325ABBC16EAF8B5B0DB8 /* TelemetryModels.swift */,
				B839DCF58737B54707405439 /* ToolModels.swift */,
			);
			path = Models;
			sourceTree = "<group>";
		};
		C227948D0FFA03756AB7F7D0 /* Products */ = {
			isa = PBXGroup;
			children = (
				3534C926737FFE25F9FB5992 /* CameraTests.xctest */,
				91C48A7A7AD9F323269DC44A /* GeometryTests.xctest */,
				BAC2D91134D586A3654B27A0 /* InferenceTests.xctest */,
				8C5BC5CDB67927B567D6D560 /* PerceptionTests.xctest */,
				EAAC8BC22264AF15F9D1CC05 /* ToolkitTests.xctest */,
				72EA97BFC4E6CD5EE52C1D00 /* WalkMate.app */,
			);
			name = Products;
			sourceTree = "<group>";
		};
		DD8B47801B1216A13BF4A80E /* GeometryTests */ = {
			isa = PBXGroup;
			children = (
				A7CD0A514C7E23CAF0A05F9F /* GeometryTests.swift */,
			);
			name = GeometryTests;
			path = ../Tests/GeometryTests;
			sourceTree = "<group>";
		};
		E3E68F02D83D0B632D54A80B /* InferenceTests */ = {
			isa = PBXGroup;
			children = (
				9FB665524D4B1FD6014B271D /* InferenceTests.swift */,
			);
			name = InferenceTests;
			path = ../Tests/InferenceTests;
			sourceTree = "<group>";
		};
		E742946D6323A57653AF4CA6 /* Growth */ = {
			isa = PBXGroup;
			children = (
				416790C1B2A40F17BB58AB03 /* GrowthDetailView.swift */,
				0C04EC3DC2D57E252009645F /* TrainingGoalView.swift */,
			);
			path = Growth;
			sourceTree = "<group>";
		};
		E742D9264920FA2B79AC9039 /* Perception */ = {
			isa = PBXGroup;
			children = (
				6753B6BAAFA234B8CE015071 /* ObstacleDetector.swift */,
				5D0ABA74DD3E847A88B6BD9F /* ObstacleTracker.swift */,
				857CA2856C92E48D5D0F1F71 /* PassageRoutePlanner.swift */,
			);
			path = Perception;
			sourceTree = "<group>";
		};
		E830EFB4F2958558F6183AE1 /* PerceptionTests */ = {
			isa = PBXGroup;
			children = (
				3A2293A6E6BC69AE8DCD6AD4 /* ObstacleTrackingTests.swift */,
				717717B98D6D98ABBC3DAB49 /* PassableRouteTests.swift */,
				6ADE43BB31268157A37E7E0A /* PerceptionEngineTests.swift */,
			);
			name = PerceptionTests;
			path = ../Tests/PerceptionTests;
			sourceTree = "<group>";
		};
		EAFCF0864CB0AF2D46D01EDC /* Engine */ = {
			isa = PBXGroup;
			children = (
				7DA234C4A69A12BB0B7E9D8B /* SpatialPerceptionEngine.swift */,
			);
			path = Engine;
			sourceTree = "<group>";
		};
		F67A1F9086CDAEE4E869C2AA /* Routes */ = {
			isa = PBXGroup;
			children = (
				447DD7EA5A7EE334E01198CF /* IndoorRouteView.swift */,
				C1C1150ED91E77F05ED468B7 /* RouteDetailView.swift */,
			);
			path = Routes;
			sourceTree = "<group>";
		};
		FFCD70091BCC481B3A24592A /* Inference */ = {
			isa = PBXGroup;
			children = (
				456937C6404D70179041CDEA /* AcceleratePreprocessor.swift */,
				8C9AD12E801E6CEEB366D80A /* DAPEngine.swift */,
			);
			path = Inference;
			sourceTree = "<group>";
		};
/* End PBXGroup section */

/* Begin PBXNativeTarget section */
		1E23C07BBAB21D8A1859DACA /* PerceptionTests */ = {
			isa = PBXNativeTarget;
			buildConfigurationList = EDCC241034E5B35EBDA9D54F /* Build configuration list for PBXNativeTarget "PerceptionTests" */;
			buildPhases = (
				15CA529CE1348A0AD4EB0247 /* Sources */,
			);
			buildRules = (
			);
			dependencies = (
				241792687557202B98BFF774 /* PBXTargetDependency */,
			);
			name = PerceptionTests;
			packageProductDependencies = (
			);
			productName = PerceptionTests;
			productReference = 8C5BC5CDB67927B567D6D560 /* PerceptionTests.xctest */;
			productType = "com.apple.product-type.bundle.unit-test";
		};
		5EE00B7C4A06699B5FF6BD5B /* GeometryTests */ = {
			isa = PBXNativeTarget;
			buildConfigurationList = 6AE026A97069C0D180D41633 /* Build configuration list for PBXNativeTarget "GeometryTests" */;
			buildPhases = (
				F8B2BECBC433A0B6279E6D50 /* Sources */,
			);
			buildRules = (
			);
			dependencies = (
				8510E60ADCD616F63EF3EE2D /* PBXTargetDependency */,
			);
			name = GeometryTests;
			packageProductDependencies = (
			);
			productName = GeometryTests;
			productReference = 91C48A7A7AD9F323269DC44A /* GeometryTests.xctest */;
			productType = "com.apple.product-type.bundle.unit-test";
		};
		BE0C96D69F7DFED10AA888AC /* ToolkitTests */ = {
			isa = PBXNativeTarget;
			buildConfigurationList = B6106C2EBCD79B8BE73E9954 /* Build configuration list for PBXNativeTarget "ToolkitTests" */;
			buildPhases = (
				4B9717BD572FBD1F71EAA8FA /* Sources */,
			);
			buildRules = (
			);
			dependencies = (
				3F0B16896E678F380D3FBFF0 /* PBXTargetDependency */,
			);
			name = ToolkitTests;
			packageProductDependencies = (
			);
			productName = ToolkitTests;
			productReference = EAAC8BC22264AF15F9D1CC05 /* ToolkitTests.xctest */;
			productType = "com.apple.product-type.bundle.unit-test";
		};
		C7ED42344329B2014AA2251C /* InferenceTests */ = {
			isa = PBXNativeTarget;
			buildConfigurationList = 2F07DBEAAD4582027F01BEE6 /* Build configuration list for PBXNativeTarget "InferenceTests" */;
			buildPhases = (
				21DCD0971ECC0BB7FA4DC1FF /* Sources */,
			);
			buildRules = (
			);
			dependencies = (
				906CD995AC22A562BE978798 /* PBXTargetDependency */,
			);
			name = InferenceTests;
			packageProductDependencies = (
			);
			productName = InferenceTests;
			productReference = BAC2D91134D586A3654B27A0 /* InferenceTests.xctest */;
			productType = "com.apple.product-type.bundle.unit-test";
		};
		D0C10D6348A3309AC5F5EA63 /* WalkMate */ = {
			isa = PBXNativeTarget;
			buildConfigurationList = 864D891125CC1A0AF8764181 /* Build configuration list for PBXNativeTarget "WalkMate" */;
			buildPhases = (
				BB22D4CD7749D6A467348B14 /* Sources */,
				5EC83324E847CB76E7AABE95 /* Resources */,
				3F805AF8623FBC4D80E25ACC /* Frameworks */,
				F41A89E7295550BF433AAB7B /* Embed Frameworks */,
			);
			buildRules = (
			);
			dependencies = (
			);
			name = WalkMate;
			packageProductDependencies = (
			);
			productName = WalkMate;
			productReference = 72EA97BFC4E6CD5EE52C1D00 /* WalkMate.app */;
			productType = "com.apple.product-type.application";
		};
		D8A983DE875364D7AFB1F969 /* CameraTests */ = {
			isa = PBXNativeTarget;
			buildConfigurationList = 931196D64D76B501812751CC /* Build configuration list for PBXNativeTarget "CameraTests" */;
			buildPhases = (
				9E89F8804D7B03C4ADA2BD97 /* Sources */,
			);
			buildRules = (
			);
			dependencies = (
				0868554269CC0D12342596F6 /* PBXTargetDependency */,
			);
			name = CameraTests;
			packageProductDependencies = (
			);
			productName = CameraTests;
			productReference = 3534C926737FFE25F9FB5992 /* CameraTests.xctest */;
			productType = "com.apple.product-type.bundle.unit-test";
		};
/* End PBXNativeTarget section */

/* Begin PBXProject section */
		43A9DE64FF371701BF1D23DD /* Project object */ = {
			isa = PBXProject;
			attributes = {
				BuildIndependentTargetsInParallel = YES;
				LastUpgradeCheck = 1430;
				TargetAttributes = {
					1E23C07BBAB21D8A1859DACA = {
						DevelopmentTeam = X2SP6R5LL3;
						ProvisioningStyle = Automatic;
					};
					5EE00B7C4A06699B5FF6BD5B = {
						DevelopmentTeam = X2SP6R5LL3;
						ProvisioningStyle = Automatic;
					};
					BE0C96D69F7DFED10AA888AC = {
						DevelopmentTeam = X2SP6R5LL3;
						ProvisioningStyle = Automatic;
					};
					C7ED42344329B2014AA2251C = {
						DevelopmentTeam = X2SP6R5LL3;
						ProvisioningStyle = Automatic;
					};
					D0C10D6348A3309AC5F5EA63 = {
						DevelopmentTeam = X2SP6R5LL3;
						ProvisioningStyle = Automatic;
					};
					D8A983DE875364D7AFB1F969 = {
						DevelopmentTeam = X2SP6R5LL3;
						ProvisioningStyle = Automatic;
					};
				};
			};
			buildConfigurationList = 2667789BBEA365B27EE48FEF /* Build configuration list for PBXProject "WalkMate" */;
			developmentRegion = en;
			hasScannedForEncodings = 0;
			knownRegions = (
				Base,
				en,
			);
			mainGroup = 1C515E871D527533E2088E72;
			minimizedProjectReferenceProxies = 1;
			preferredProjectObjectVersion = 77;
			productRefGroup = C227948D0FFA03756AB7F7D0 /* Products */;
			projectDirPath = "";
			projectRoot = "";
			targets = (
				D0C10D6348A3309AC5F5EA63 /* WalkMate */,
				D8A983DE875364D7AFB1F969 /* CameraTests */,
				C7ED42344329B2014AA2251C /* InferenceTests */,
				5EE00B7C4A06699B5FF6BD5B /* GeometryTests */,
				1E23C07BBAB21D8A1859DACA /* PerceptionTests */,
				BE0C96D69F7DFED10AA888AC /* ToolkitTests */,
			);
		};
/* End PBXProject section */

/* Begin PBXResourcesBuildPhase section */
		5EC83324E847CB76E7AABE95 /* Resources */ = {
			isa = PBXResourcesBuildPhase;
			buildActionMask = 2147483647;
			files = (
				0249C9D2701148DB977E04D8 /* Design.xcassets in Resources */,
				57240136D2DC082CFAA54CD4 /* Secrets.example.plist in Resources */,
				1246EFA6046078A93D7DB6C1 /* Secrets.plist in Resources */,
				8479A4E13002BC4EDFBB779E /* bgm.m4a in Resources */,
				A9A40F1452C0F2BA6B10C092 /* sample_erp_1.jpg in Resources */,
				95F85FCF5E4B2333BC9D7FC2 /* sample_erp_2.jpg in Resources */,
				DC25F8B871C0BDE0C2C72189 /* sample_erp_3.jpg in Resources */,
			);
			runOnlyForDeploymentPostprocessing = 0;
		};
/* End PBXResourcesBuildPhase section */

/* Begin PBXSourcesBuildPhase section */
		15CA529CE1348A0AD4EB0247 /* Sources */ = {
			isa = PBXSourcesBuildPhase;
			buildActionMask = 2147483647;
			files = (
				C76A0A4FF52BEA2664A880BB /* ObstacleTrackingTests.swift in Sources */,
				D09F633698C3014E462A6541 /* PassableRouteTests.swift in Sources */,
				7A618372D960B17E03753329 /* PerceptionEngineTests.swift in Sources */,
			);
			runOnlyForDeploymentPostprocessing = 0;
		};
		21DCD0971ECC0BB7FA4DC1FF /* Sources */ = {
			isa = PBXSourcesBuildPhase;
			buildActionMask = 2147483647;
			files = (
				970B9AC21ECA941BD2E62AFB /* InferenceTests.swift in Sources */,
			);
			runOnlyForDeploymentPostprocessing = 0;
		};
		4B9717BD572FBD1F71EAA8FA /* Sources */ = {
			isa = PBXSourcesBuildPhase;
			buildActionMask = 2147483647;
			files = (
				4CB7E18A7B073AD39E96366E /* SpatialAudioKitTests.swift in Sources */,
			);
			runOnlyForDeploymentPostprocessing = 0;
		};
		9E89F8804D7B03C4ADA2BD97 /* Sources */ = {
			isa = PBXSourcesBuildPhase;
			buildActionMask = 2147483647;
			files = (
				A5240E490DB3A3DE9EC5407C /* CameraPipelineTests.swift in Sources */,
			);
			runOnlyForDeploymentPostprocessing = 0;
		};
		BB22D4CD7749D6A467348B14 /* Sources */ = {
			isa = PBXSourcesBuildPhase;
			buildActionMask = 2147483647;
			files = (
				D7A0EA1DC8E35738E0382C86 /* AcceleratePreprocessor.swift in Sources */,
				10800832B68FBECF3D186F98 /* AppSettings.swift in Sources */,
				515E43DC458A24C6BAB2D26E /* BackendClient.swift in Sources */,
				BF283F2AA21B5EA4AD635855 /* CameraPipeline.swift in Sources */,
				9B0C7E92BD343CDB16EC88B4 /* CommunityStore.swift in Sources */,
				60C1E09DDF869D4C8BFD1E41 /* CommunityView.swift in Sources */,
				D29483E2C3A526662360F9DD /* CompanionConversation.swift in Sources */,
				877428942CAE4A4C4175AA8C /* CompanionSession.swift in Sources */,
				EA861847E607B54465C201DB /* ContentView.swift in Sources */,
				6F0E4083F8E58A3740D2910F /* ConversationModels.swift in Sources */,
				BEE51A1E31B39825AC1BEFCB /* DAPEngine.swift in Sources */,
				967CAB27AA49FAE086A45308 /* FrameBus.swift in Sources */,
				F02FE56141BC29786E7D3F65 /* FrameModels.swift in Sources */,
				C49203B4150592346FCACC93 /* GravityAligner.swift in Sources */,
				E745A5121F65791F744BAD13 /* GroundPlaneEstimator.swift in Sources */,
				C35126847CCB71D40C740C96 /* GrowthDetailView.swift in Sources */,
				16CAF0C1EC475430666C997D /* GyroDataHandler.swift in Sources */,
				057E4A04B1817479BFAF9C15 /* HighlightReelBuilder.swift in Sources */,
				5210DA66CF2F4E9A9228D159 /* HomeView.swift in Sources */,
				0B0480999D1DA2630F36FA81 /* IndoorRouteView.swift in Sources */,
				6A01649963AB2BEAAD6845EC /* Log.swift in Sources */,
				C386741DDF61B5E77854B400 /* NarrationModels.swift in Sources */,
				AB8683CCE81AE963D9984EBE /* ObstacleDetector.swift in Sources */,
				39770EE7FD2C82797A78A542 /* ObstacleTracker.swift in Sources */,
				A540B4901BEC12A1E5D07B11 /* OnboardingView.swift in Sources */,
				987415AF699C856C078F3670 /* PageNarrator.swift in Sources */,
				BD61377E2BCEBA351355AC6C /* PanoramicStreamView.swift in Sources */,
				7241CA37807202BBD12C537D /* PassageRoutePlanner.swift in Sources */,
				28F58B7389C106730948E8E1 /* PerceptionModels.swift in Sources */,
				198FCBD3C7B0013A13C8F98B /* ProfileView.swift in Sources */,
				F00FD760EF7D51263E7BD83C /* QwenSceneNarrator.swift in Sources */,
				957F8D68251E993AD82C528D /* QwenSpeechRenderer.swift in Sources */,
				EF66D8B621602D0ABF6CB379 /* ResilientSceneNarrator.swift in Sources */,
				1423ABB0AFEE4E9D8864539A /* RouteDetailView.swift in Sources */,
				8C09D2D18A228BA300DFF66D /* SceneNarrator.swift in Sources */,
				70740174CBC2B0B0EF351456 /* SensorTelemetryCard.swift in Sources */,
				144553C487E76185459D0CD3 /* SpatialAudioKit.swift in Sources */,
				5634C54A85D6BCB995B3E845 /* SpatialPerceptionEngine.swift in Sources */,
				7425B3CC00981B3CB64103DD /* SpeechRenderer.swift in Sources */,
				B26769F0CCF21CFF7F1BAEA2 /* SphericalProjector.swift in Sources */,
				33A9F7596E53A48D2D8DFABC /* StandstillDetector.swift in Sources */,
				09E84F149D82944C496D34CE /* StoreRatingStore.swift in Sources */,
				99EFA20E4A674E9BF378FCCD /* StoreRatingView.swift in Sources */,
				8960697F87DC6092AC3C8A3B /* StreamPlayerBridge.swift in Sources */,
				8FEBC04F44FB98DD9F3EB09F /* SubtitleComposer.swift in Sources */,
				0737AA405177117E7B1E657A /* TelemetryModels.swift in Sources */,
				E72DF7C9E931F54755180137 /* ToolModels.swift in Sources */,
				DD3B106550B53C36CABAD84A /* TrainingClipComposer.swift in Sources */,
				F6B68397D9A5250E4D0387DE /* TrainingFlowView.swift in Sources */,
				AC0E6EF4C11E7503117DBD84 /* TrainingGoalView.swift in Sources */,
				18F9F34BD1306305FCA84437 /* TrainingHistoryStore.swift in Sources */,
				7A190CEC82AF238930A76F1D /* TrainingSessionModel.swift in Sources */,
				6B9B31479560946252636A2D /* TrainingSessionView.swift in Sources */,
				83CE728017D107EA465D00E6 /* TrainingSummaryView.swift in Sources */,
				4BF57B915EE9A1F2E8A97428 /* WalkMateApp.swift in Sources */,
				BEE9FA0CAD59C71B7DAE3AFD /* WalkMateComponents.swift in Sources */,
				7D591764C7ECD0251DAF66D0 /* WalkMateRootView.swift in Sources */,
				074615CCB0E75A238311211E /* WalkMateTabBar.swift in Sources */,
				849F51A91968E8AE72D519D9 /* WalkMateTheme.swift in Sources */,
			);
			runOnlyForDeploymentPostprocessing = 0;
		};
		F8B2BECBC433A0B6279E6D50 /* Sources */ = {
			isa = PBXSourcesBuildPhase;
			buildActionMask = 2147483647;
			files = (
				C1BA1CE198A17E94F9BB25ED /* GeometryTests.swift in Sources */,
			);
			runOnlyForDeploymentPostprocessing = 0;
		};
/* End PBXSourcesBuildPhase section */

/* Begin PBXTargetDependency section */
		0868554269CC0D12342596F6 /* PBXTargetDependency */ = {
			isa = PBXTargetDependency;
			target = D0C10D6348A3309AC5F5EA63 /* WalkMate */;
			targetProxy = DF0A5E68CBF85DAC11A6E27D /* PBXContainerItemProxy */;
		};
		241792687557202B98BFF774 /* PBXTargetDependency */ = {
			isa = PBXTargetDependency;
			target = D0C10D6348A3309AC5F5EA63 /* WalkMate */;
			targetProxy = B4D5EC36338B94A819E897E1 /* PBXContainerItemProxy */;
		};
		3F0B16896E678F380D3FBFF0 /* PBXTargetDependency */ = {
			isa = PBXTargetDependency;
			target = D0C10D6348A3309AC5F5EA63 /* WalkMate */;
			targetProxy = A4A7647355CB35E31884D378 /* PBXContainerItemProxy */;
		};
		8510E60ADCD616F63EF3EE2D /* PBXTargetDependency */ = {
			isa = PBXTargetDependency;
			target = D0C10D6348A3309AC5F5EA63 /* WalkMate */;
			targetProxy = F1F70F10675D652F63890C59 /* PBXContainerItemProxy */;
		};
		906CD995AC22A562BE978798 /* PBXTargetDependency */ = {
			isa = PBXTargetDependency;
			target = D0C10D6348A3309AC5F5EA63 /* WalkMate */;
			targetProxy = A086075E7EE3E4CB1CA462E2 /* PBXContainerItemProxy */;
		};
/* End PBXTargetDependency section */

/* Begin XCBuildConfiguration section */
		02B0EB5786552DCF7D7DBDEF /* Debug */ = {
			isa = XCBuildConfiguration;
			buildSettings = {
				ASSETCATALOG_COMPILER_APPICON_NAME = AppIcon;
				CODE_SIGN_IDENTITY = "iPhone Developer";
				CURRENT_PROJECT_VERSION = 1;
				FRAMEWORK_SEARCH_PATHS = (
					"$(SRCROOT)/Frameworks",
					"\"Frameworks\"",
				);
				GENERATE_INFOPLIST_FILE = NO;
				INFOPLIST_FILE = Info.plist;
				IPHONEOS_DEPLOYMENT_TARGET = 17.0;
				LD_RUNPATH_SEARCH_PATHS = (
					"$(inherited)",
					"@executable_path/Frameworks",
				);
				MARKETING_VERSION = 1.0.0;
				PRODUCT_BUNDLE_IDENTIFIER = accera.world.walkmate;
				SDKROOT = iphoneos;
				TARGETED_DEVICE_FAMILY = "1,2";
			};
			name = Debug;
		};
		039DA21F72795A5DEB711681 /* Release */ = {
			isa = XCBuildConfiguration;
			buildSettings = {
				ASSETCATALOG_COMPILER_APPICON_NAME = AppIcon;
				CODE_SIGN_IDENTITY = "iPhone Developer";
				CURRENT_PROJECT_VERSION = 1;
				FRAMEWORK_SEARCH_PATHS = (
					"$(SRCROOT)/Frameworks",
					"\"Frameworks\"",
				);
				GENERATE_INFOPLIST_FILE = NO;
				INFOPLIST_FILE = Info.plist;
				IPHONEOS_DEPLOYMENT_TARGET = 17.0;
				LD_RUNPATH_SEARCH_PATHS = (
					"$(inherited)",
					"@executable_path/Frameworks",
				);
				MARKETING_VERSION = 1.0.0;
				PRODUCT_BUNDLE_IDENTIFIER = accera.world.walkmate;
				SDKROOT = iphoneos;
				TARGETED_DEVICE_FAMILY = "1,2";
			};
			name = Release;
		};
		14B0EB34B99386006416E14E /* Release */ = {
			isa = XCBuildConfiguration;
			buildSettings = {
				ALWAYS_SEARCH_USER_PATHS = NO;
				CLANG_ANALYZER_NONNULL = YES;
				CLANG_ANALYZER_NUMBER_OBJECT_CONVERSION = YES_AGGRESSIVE;
				CLANG_CXX_LANGUAGE_STANDARD = "gnu++14";
				CLANG_CXX_LIBRARY = "libc++";
				CLANG_ENABLE_MODULES = YES;
				CLANG_ENABLE_OBJC_ARC = YES;
				CLANG_ENABLE_OBJC_WEAK = YES;
				CLANG_WARN_BLOCK_CAPTURE_AUTORELEASING = YES;
				CLANG_WARN_BOOL_CONVERSION = YES;
				CLANG_WARN_COMMA = YES;
				CLANG_WARN_CONSTANT_CONVERSION = YES;
				CLANG_WARN_DEPRECATED_OBJC_IMPLEMENTATIONS = YES;
				CLANG_WARN_DIRECT_OBJC_ISA_USAGE = YES_ERROR;
				CLANG_WARN_DOCUMENTATION_COMMENTS = YES;
				CLANG_WARN_EMPTY_BODY = YES;
				CLANG_WARN_ENUM_CONVERSION = YES;
				CLANG_WARN_INFINITE_RECURSION = YES;
				CLANG_WARN_INT_CONVERSION = YES;
				CLANG_WARN_NON_LITERAL_NULL_CONVERSION = YES;
				CLANG_WARN_OBJC_IMPLICIT_RETAIN_SELF = YES;
				CLANG_WARN_OBJC_LITERAL_CONVERSION = YES;
				CLANG_WARN_OBJC_ROOT_CLASS = YES_ERROR;
				CLANG_WARN_QUOTED_INCLUDE_IN_FRAMEWORK_HEADER = YES;
				CLANG_WARN_RANGE_LOOP_ANALYSIS = YES;
				CLANG_WARN_STRICT_PROTOTYPES = YES;
				CLANG_WARN_SUSPICIOUS_MOVE = YES;
				CLANG_WARN_UNGUARDED_AVAILABILITY = YES_AGGRESSIVE;
				CLANG_WARN_UNREACHABLE_CODE = YES;
				CLANG_WARN__DUPLICATE_METHOD_MATCH = YES;
				CODE_SIGN_STYLE = Automatic;
				COPY_PHASE_STRIP = NO;
				DEBUG_INFORMATION_FORMAT = "dwarf-with-dsym";
				DEVELOPMENT_TEAM = X2SP6R5LL3;
				ENABLE_BITCODE = NO;
				ENABLE_NS_ASSERTIONS = NO;
				ENABLE_STRICT_OBJC_MSGSEND = YES;
				GCC_C_LANGUAGE_STANDARD = gnu11;
				GCC_NO_COMMON_BLOCKS = YES;
				GCC_WARN_64_TO_32_BIT_CONVERSION = YES;
				GCC_WARN_ABOUT_RETURN_TYPE = YES_ERROR;
				GCC_WARN_UNDECLARED_SELECTOR = YES;
				GCC_WARN_UNINITIALIZED_AUTOS = YES_AGGRESSIVE;
				GCC_WARN_UNUSED_FUNCTION = YES;
				GCC_WARN_UNUSED_VARIABLE = YES;
				GENERATE_INFOPLIST_FILE = YES;
				IPHONEOS_DEPLOYMENT_TARGET = 17.0;
				MTL_ENABLE_DEBUG_INFO = NO;
				MTL_FAST_MATH = YES;
				PRODUCT_NAME = "$(TARGET_NAME)";
				SDKROOT = iphoneos;
				SWIFT_COMPILATION_MODE = wholemodule;
				SWIFT_OPTIMIZATION_LEVEL = "-O";
				SWIFT_VERSION = 5.9;
			};
			name = Release;
		};
		3CFA52B84A47505A493FE059 /* Debug */ = {
			isa = XCBuildConfiguration;
			buildSettings = {
				ALWAYS_SEARCH_USER_PATHS = NO;
				CLANG_ANALYZER_NONNULL = YES;
				CLANG_ANALYZER_NUMBER_OBJECT_CONVERSION = YES_AGGRESSIVE;
				CLANG_CXX_LANGUAGE_STANDARD = "gnu++14";
				CLANG_CXX_LIBRARY = "libc++";
				CLANG_ENABLE_MODULES = YES;
				CLANG_ENABLE_OBJC_ARC = YES;
				CLANG_ENABLE_OBJC_WEAK = YES;
				CLANG_WARN_BLOCK_CAPTURE_AUTORELEASING = YES;
				CLANG_WARN_BOOL_CONVERSION = YES;
				CLANG_WARN_COMMA = YES;
				CLANG_WARN_CONSTANT_CONVERSION = YES;
				CLANG_WARN_DEPRECATED_OBJC_IMPLEMENTATIONS = YES;
				CLANG_WARN_DIRECT_OBJC_ISA_USAGE = YES_ERROR;
				CLANG_WARN_DOCUMENTATION_COMMENTS = YES;
				CLANG_WARN_EMPTY_BODY = YES;
				CLANG_WARN_ENUM_CONVERSION = YES;
				CLANG_WARN_INFINITE_RECURSION = YES;
				CLANG_WARN_INT_CONVERSION = YES;
				CLANG_WARN_NON_LITERAL_NULL_CONVERSION = YES;
				CLANG_WARN_OBJC_IMPLICIT_RETAIN_SELF = YES;
				CLANG_WARN_OBJC_LITERAL_CONVERSION = YES;
				CLANG_WARN_OBJC_ROOT_CLASS = YES_ERROR;
				CLANG_WARN_QUOTED_INCLUDE_IN_FRAMEWORK_HEADER = YES;
				CLANG_WARN_RANGE_LOOP_ANALYSIS = YES;
				CLANG_WARN_STRICT_PROTOTYPES = YES;
				CLANG_WARN_SUSPICIOUS_MOVE = YES;
				CLANG_WARN_UNGUARDED_AVAILABILITY = YES_AGGRESSIVE;
				CLANG_WARN_UNREACHABLE_CODE = YES;
				CLANG_WARN__DUPLICATE_METHOD_MATCH = YES;
				CODE_SIGN_STYLE = Automatic;
				COPY_PHASE_STRIP = NO;
				DEBUG_INFORMATION_FORMAT = dwarf;
				DEVELOPMENT_TEAM = X2SP6R5LL3;
				ENABLE_BITCODE = NO;
				ENABLE_STRICT_OBJC_MSGSEND = YES;
				ENABLE_TESTABILITY = YES;
				GCC_C_LANGUAGE_STANDARD = gnu11;
				GCC_DYNAMIC_NO_PIC = NO;
				GCC_NO_COMMON_BLOCKS = YES;
				GCC_OPTIMIZATION_LEVEL = 0;
				GCC_PREPROCESSOR_DEFINITIONS = (
					"$(inherited)",
					"DEBUG=1",
				);
				GCC_WARN_64_TO_32_BIT_CONVERSION = YES;
				GCC_WARN_ABOUT_RETURN_TYPE = YES_ERROR;
				GCC_WARN_UNDECLARED_SELECTOR = YES;
				GCC_WARN_UNINITIALIZED_AUTOS = YES_AGGRESSIVE;
				GCC_WARN_UNUSED_FUNCTION = YES;
				GCC_WARN_UNUSED_VARIABLE = YES;
				GENERATE_INFOPLIST_FILE = YES;
				IPHONEOS_DEPLOYMENT_TARGET = 17.0;
				MTL_ENABLE_DEBUG_INFO = INCLUDE_SOURCE;
				MTL_FAST_MATH = YES;
				ONLY_ACTIVE_ARCH = YES;
				PRODUCT_NAME = "$(TARGET_NAME)";
				SDKROOT = iphoneos;
				SWIFT_ACTIVE_COMPILATION_CONDITIONS = DEBUG;
				SWIFT_OPTIMIZATION_LEVEL = "-Onone";
				SWIFT_VERSION = 5.9;
			};
			name = Debug;
		};
		4A2131004BFB61C5737AAA9D /* Release */ = {
			isa = XCBuildConfiguration;
			buildSettings = {
				BUNDLE_LOADER = "$(TEST_HOST)";
				CODE_SIGNING_ALLOWED = YES;
				CODE_SIGN_IDENTITY = "-";
				IPHONEOS_DEPLOYMENT_TARGET = 17.0;
				LD_RUNPATH_SEARCH_PATHS = (
					"$(inherited)",
					"@executable_path/Frameworks",
					"@loader_path/Frameworks",
				);
				PRODUCT_BUNDLE_IDENTIFIER = accera.world.GeometryTests;
				SDKROOT = iphoneos;
				TARGETED_DEVICE_FAMILY = "1,2";
				TEST_HOST = "$(BUILT_PRODUCTS_DIR)/WalkMate.app/WalkMate";
			};
			name = Release;
		};
		4C2D779A193EFE225CDA5D4A /* Release */ = {
			isa = XCBuildConfiguration;
			buildSettings = {
				BUNDLE_LOADER = "$(TEST_HOST)";
				CODE_SIGNING_ALLOWED = YES;
				CODE_SIGN_IDENTITY = "-";
				IPHONEOS_DEPLOYMENT_TARGET = 17.0;
				LD_RUNPATH_SEARCH_PATHS = (
					"$(inherited)",
					"@executable_path/Frameworks",
					"@loader_path/Frameworks",
				);
				PRODUCT_BUNDLE_IDENTIFIER = accera.world.PerceptionTests;
				SDKROOT = iphoneos;
				TARGETED_DEVICE_FAMILY = "1,2";
				TEST_HOST = "$(BUILT_PRODUCTS_DIR)/WalkMate.app/WalkMate";
			};
			name = Release;
		};
		7CFD8D45B7000EAA2E1FCAEE /* Release */ = {
			isa = XCBuildConfiguration;
			buildSettings = {
				BUNDLE_LOADER = "$(TEST_HOST)";
				CODE_SIGNING_ALLOWED = YES;
				CODE_SIGN_IDENTITY = "-";
				IPHONEOS_DEPLOYMENT_TARGET = 17.0;
				LD_RUNPATH_SEARCH_PATHS = (
					"$(inherited)",
					"@executable_path/Frameworks",
					"@loader_path/Frameworks",
				);
				PRODUCT_BUNDLE_IDENTIFIER = accera.world.ToolkitTests;
				SDKROOT = iphoneos;
				TARGETED_DEVICE_FAMILY = "1,2";
				TEST_HOST = "$(BUILT_PRODUCTS_DIR)/WalkMate.app/WalkMate";
			};
			name = Release;
		};
		7DAE7D8FA78E870BB453D99F /* Debug */ = {
			isa = XCBuildConfiguration;
			buildSettings = {
				BUNDLE_LOADER = "$(TEST_HOST)";
				CODE_SIGNING_ALLOWED = YES;
				CODE_SIGN_IDENTITY = "-";
				IPHONEOS_DEPLOYMENT_TARGET = 17.0;
				LD_RUNPATH_SEARCH_PATHS = (
					"$(inherited)",
					"@executable_path/Frameworks",
					"@loader_path/Frameworks",
				);
				PRODUCT_BUNDLE_IDENTIFIER = accera.world.InferenceTests;
				SDKROOT = iphoneos;
				TARGETED_DEVICE_FAMILY = "1,2";
				TEST_HOST = "$(BUILT_PRODUCTS_DIR)/WalkMate.app/WalkMate";
			};
			name = Debug;
		};
		7DF8064381FCA4D3398DCFCC /* Debug */ = {
			isa = XCBuildConfiguration;
			buildSettings = {
				BUNDLE_LOADER = "$(TEST_HOST)";
				CODE_SIGNING_ALLOWED = YES;
				CODE_SIGN_IDENTITY = "-";
				IPHONEOS_DEPLOYMENT_TARGET = 17.0;
				LD_RUNPATH_SEARCH_PATHS = (
					"$(inherited)",
					"@executable_path/Frameworks",
					"@loader_path/Frameworks",
				);
				PRODUCT_BUNDLE_IDENTIFIER = accera.world.GeometryTests;
				SDKROOT = iphoneos;
				TARGETED_DEVICE_FAMILY = "1,2";
				TEST_HOST = "$(BUILT_PRODUCTS_DIR)/WalkMate.app/WalkMate";
			};
			name = Debug;
		};
		C522FDA5A7D391D344A6AAD1 /* Release */ = {
			isa = XCBuildConfiguration;
			buildSettings = {
				BUNDLE_LOADER = "$(TEST_HOST)";
				CODE_SIGNING_ALLOWED = YES;
				CODE_SIGN_IDENTITY = "-";
				IPHONEOS_DEPLOYMENT_TARGET = 17.0;
				LD_RUNPATH_SEARCH_PATHS = (
					"$(inherited)",
					"@executable_path/Frameworks",
					"@loader_path/Frameworks",
				);
				PRODUCT_BUNDLE_IDENTIFIER = accera.world.InferenceTests;
				SDKROOT = iphoneos;
				TARGETED_DEVICE_FAMILY = "1,2";
				TEST_HOST = "$(BUILT_PRODUCTS_DIR)/WalkMate.app/WalkMate";
			};
			name = Release;
		};
		C885A89B331082503469E71A /* Debug */ = {
			isa = XCBuildConfiguration;
			buildSettings = {
				BUNDLE_LOADER = "$(TEST_HOST)";
				CODE_SIGNING_ALLOWED = YES;
				CODE_SIGN_IDENTITY = "-";
				IPHONEOS_DEPLOYMENT_TARGET = 17.0;
				LD_RUNPATH_SEARCH_PATHS = (
					"$(inherited)",
					"@executable_path/Frameworks",
					"@loader_path/Frameworks",
				);
				PRODUCT_BUNDLE_IDENTIFIER = accera.world.CameraTests;
				SDKROOT = iphoneos;
				TARGETED_DEVICE_FAMILY = "1,2";
				TEST_HOST = "$(BUILT_PRODUCTS_DIR)/WalkMate.app/WalkMate";
			};
			name = Debug;
		};
		D586FE602A7D1EE27BA0CE9F /* Release */ = {
			isa = XCBuildConfiguration;
			buildSettings = {
				BUNDLE_LOADER = "$(TEST_HOST)";
				CODE_SIGNING_ALLOWED = YES;
				CODE_SIGN_IDENTITY = "-";
				IPHONEOS_DEPLOYMENT_TARGET = 17.0;
				LD_RUNPATH_SEARCH_PATHS = (
					"$(inherited)",
					"@executable_path/Frameworks",
					"@loader_path/Frameworks",
				);
				PRODUCT_BUNDLE_IDENTIFIER = accera.world.CameraTests;
				SDKROOT = iphoneos;
				TARGETED_DEVICE_FAMILY = "1,2";
				TEST_HOST = "$(BUILT_PRODUCTS_DIR)/WalkMate.app/WalkMate";
			};
			name = Release;
		};
		DF8A36036F68D8ED0FA3F170 /* Debug */ = {
			isa = XCBuildConfiguration;
			buildSettings = {
				BUNDLE_LOADER = "$(TEST_HOST)";
				CODE_SIGNING_ALLOWED = YES;
				CODE_SIGN_IDENTITY = "-";
				IPHONEOS_DEPLOYMENT_TARGET = 17.0;
				LD_RUNPATH_SEARCH_PATHS = (
					"$(inherited)",
					"@executable_path/Frameworks",
					"@loader_path/Frameworks",
				);
				PRODUCT_BUNDLE_IDENTIFIER = accera.world.PerceptionTests;
				SDKROOT = iphoneos;
				TARGETED_DEVICE_FAMILY = "1,2";
				TEST_HOST = "$(BUILT_PRODUCTS_DIR)/WalkMate.app/WalkMate";
			};
			name = Debug;
		};
		F418CEDFE94933C696597ECE /* Debug */ = {
			isa = XCBuildConfiguration;
			buildSettings = {
				BUNDLE_LOADER = "$(TEST_HOST)";
				CODE_SIGNING_ALLOWED = YES;
				CODE_SIGN_IDENTITY = "-";
				IPHONEOS_DEPLOYMENT_TARGET = 17.0;
				LD_RUNPATH_SEARCH_PATHS = (
					"$(inherited)",
					"@executable_path/Frameworks",
					"@loader_path/Frameworks",
				);
				PRODUCT_BUNDLE_IDENTIFIER = accera.world.ToolkitTests;
				SDKROOT = iphoneos;
				TARGETED_DEVICE_FAMILY = "1,2";
				TEST_HOST = "$(BUILT_PRODUCTS_DIR)/WalkMate.app/WalkMate";
			};
			name = Debug;
		};
/* End XCBuildConfiguration section */

/* Begin XCConfigurationList section */
		2667789BBEA365B27EE48FEF /* Build configuration list for PBXProject "WalkMate" */ = {
			isa = XCConfigurationList;
			buildConfigurations = (
				3CFA52B84A47505A493FE059 /* Debug */,
				14B0EB34B99386006416E14E /* Release */,
			);
			defaultConfigurationIsVisible = 0;
			defaultConfigurationName = Debug;
		};
		2F07DBEAAD4582027F01BEE6 /* Build configuration list for PBXNativeTarget "InferenceTests" */ = {
			isa = XCConfigurationList;
			buildConfigurations = (
				7DAE7D8FA78E870BB453D99F /* Debug */,
				C522FDA5A7D391D344A6AAD1 /* Release */,
			);
			defaultConfigurationIsVisible = 0;
			defaultConfigurationName = Debug;
		};
		6AE026A97069C0D180D41633 /* Build configuration list for PBXNativeTarget "GeometryTests" */ = {
			isa = XCConfigurationList;
			buildConfigurations = (
				7DF8064381FCA4D3398DCFCC /* Debug */,
				4A2131004BFB61C5737AAA9D /* Release */,
			);
			defaultConfigurationIsVisible = 0;
			defaultConfigurationName = Debug;
		};
		864D891125CC1A0AF8764181 /* Build configuration list for PBXNativeTarget "WalkMate" */ = {
			isa = XCConfigurationList;
			buildConfigurations = (
				02B0EB5786552DCF7D7DBDEF /* Debug */,
				039DA21F72795A5DEB711681 /* Release */,
			);
			defaultConfigurationIsVisible = 0;
			defaultConfigurationName = Debug;
		};
		931196D64D76B501812751CC /* Build configuration list for PBXNativeTarget "CameraTests" */ = {
			isa = XCConfigurationList;
			buildConfigurations = (
				C885A89B331082503469E71A /* Debug */,
				D586FE602A7D1EE27BA0CE9F /* Release */,
			);
			defaultConfigurationIsVisible = 0;
			defaultConfigurationName = Debug;
		};
		B6106C2EBCD79B8BE73E9954 /* Build configuration list for PBXNativeTarget "ToolkitTests" */ = {
			isa = XCConfigurationList;
			buildConfigurations = (
				F418CEDFE94933C696597ECE /* Debug */,
				7CFD8D45B7000EAA2E1FCAEE /* Release */,
			);
			defaultConfigurationIsVisible = 0;
			defaultConfigurationName = Debug;
		};
		EDCC241034E5B35EBDA9D54F /* Build configuration list for PBXNativeTarget "PerceptionTests" */ = {
			isa = XCConfigurationList;
			buildConfigurations = (
				DF8A36036F68D8ED0FA3F170 /* Debug */,
				4C2D779A193EFE225CDA5D4A /* Release */,
			);
			defaultConfigurationIsVisible = 0;
			defaultConfigurationName = Debug;
		};
/* End XCConfigurationList section */
	};
	rootObject = 43A9DE64FF371701BF1D23DD /* Project object */;
}
